
Microsoft Visual Studio Solution File, Format Version 12.00
# Visual Studio Version 17
VisualStudioVersion = 17.0.31919.166
MinimumVisualStudioVersion = 10.0.40219.1
Project("{9A19103F-16F7-4668-BE54-9A1E7A4F7556}") = "CsSummary", "CsSummary\CsSummary.csproj", "{6E8ACE8E-A9FE-4A00-A97A-3F17AFDCAA76}"
EndProject
Project("{9A19103F-16F7-4668-BE54-9A1E7A4F7556}") = "DbMigration", "DbMigration\DbMigration.csproj", "{30BF43BE-851E-49D9-92D9-82FE53E90111}"
EndProject
Project("{9A19103F-16F7-4668-BE54-9A1E7A4F7556}") = "EntityWebApi", "EntityWebApi\EntityWebApi.csproj", "{6260C58C-91CA-482F-A47B-0798CF0BC914}"
EndProject
Project("{9A19103F-16F7-4668-BE54-9A1E7A4F7556}") = "CsSummaryTest", "CsSummaryTest\CsSummaryTest.csproj", "{C5DCF598-0A8D-44CA-9137-568500ECBC60}"
EndProject
Project("{9A19103F-16F7-4668-BE54-9A1E7A4F7556}") = "Configure", "Configure\Configure.csproj", "{87962B11-999B-41F0-9DA3-B5D219C1A2CA}"
EndProject
Project("{9A19103F-16F7-4668-BE54-9A1E7A4F7556}") = "AWS.ApiGateway.Lambda", "AWS.ApiGateway.Lambda\AWS.ApiGateway.Lambda.csproj", "{B2F187EB-9B60-4157-8D32-7AF29770DF4A}"
EndProject
Project("{9A19103F-16F7-4668-BE54-9A1E7A4F7556}") = "AWS.ApiGateway.Lambda.Tests", "AWS.ApiGateway.Lambda.Tests\AWS.ApiGateway.Lambda.Tests.csproj", "{7E4E2D5B-0828-4983-9E40-A6DC2295631B}"
EndProject
Project("{9A19103F-16F7-4668-BE54-9A1E7A4F7556}") = "AWS.Simple.Lambda", "AWS.Simple.Lambda\AWS.Simple.Lambda.csproj", "{77BA6A62-0C14-4963-A91D-BA4E95A2A712}"
EndProject
Project("{9A19103F-16F7-4668-BE54-9A1E7A4F7556}") = "AWS.Simple.Lambda.Tests", "AWS.Simple.Lambda.Tests\AWS.Simple.Lambda.Tests.csproj", "{689EC6C8-7FEA-4BBF-98F3-E6787546319D}"
EndProject
Global
	GlobalSection(SolutionConfigurationPlatforms) = preSolution
		Debug|Any CPU = Debug|Any CPU
		Release|Any CPU = Release|Any CPU
	EndGlobalSection
	GlobalSection(ProjectConfigurationPlatforms) = postSolution
		{6E8ACE8E-A9FE-4A00-A97A-3F17AFDCAA76}.Debug|Any CPU.ActiveCfg = Debug|Any CPU
		{6E8ACE8E-A9FE-4A00-A97A-3F17AFDCAA76}.Debug|Any CPU.Build.0 = Debug|Any CPU
		{6E8ACE8E-A9FE-4A00-A97A-3F17AFDCAA76}.Release|Any CPU.ActiveCfg = Release|Any CPU
		{6E8ACE8E-A9FE-4A00-A97A-3F17AFDCAA76}.Release|Any CPU.Build.0 = Release|Any CPU
		{30BF43BE-851E-49D9-92D9-82FE53E90111}.Debug|Any CPU.ActiveCfg = Debug|Any CPU
		{30BF43BE-851E-49D9-92D9-82FE53E90111}.Debug|Any CPU.Build.0 = Debug|Any CPU
		{30BF43BE-851E-49D9-92D9-82FE53E90111}.Release|Any CPU.ActiveCfg = Release|Any CPU
		{30BF43BE-851E-49D9-92D9-82FE53E90111}.Release|Any CPU.Build.0 = Release|Any CPU
		{6260C58C-91CA-482F-A47B-0798CF0BC914}.Debug|Any CPU.ActiveCfg = Debug|Any CPU
		{6260C58C-91CA-482F-A47B-0798CF0BC914}.Debug|Any CPU.Build.0 = Debug|Any CPU
		{6260C58C-91CA-482F-A47B-0798CF0BC914}.Release|Any CPU.ActiveCfg = Release|Any CPU
		{6260C58C-91CA-482F-A47B-0798CF0BC914}.Release|Any CPU.Build.0 = Release|Any CPU
		{C5DCF598-0A8D-44CA-9137-568500ECBC60}.Debug|Any CPU.ActiveCfg = Debug|Any CPU
		{C5DCF598-0A8D-44CA-9137-568500ECBC60}.Debug|Any CPU.Build.0 = Debug|Any CPU
		{C5DCF598-0A8D-44CA-9137-568500ECBC60}.Release|Any CPU.ActiveCfg = Release|Any CPU
		{C5DCF598-0A8D-44CA-9137-568500ECBC60}.Release|Any CPU.Build.0 = Release|Any CPU
		{87962B11-999B-41F0-9DA3-B5D219C1A2CA}.Debug|Any CPU.ActiveCfg = Debug|Any CPU
		{87962B11-999B-41F0-9DA3-B5D219C1A2CA}.Debug|Any CPU.Build.0 = Debug|Any CPU
		{87962B11-999B-41F0-9DA3-B5D219C1A2CA}.Release|Any CPU.ActiveCfg = Release|Any CPU
		{87962B11-999B-41F0-9DA3-B5D219C1A2CA}.Release|Any CPU.Build.0 = Release|Any CPU
		{B2F187EB-9B60-4157-8D32-7AF29770DF4A}.Debug|Any CPU.ActiveCfg = Debug|Any CPU
		{B2F187EB-9B60-4157-8D32-7AF29770DF4A}.Debug|Any CPU.Build.0 = Debug|Any CPU
		{B2F187EB-9B60-4157-8D32-7AF29770DF4A}.Release|Any CPU.ActiveCfg = Release|Any CPU
		{B2F187EB-9B60-4157-8D32-7AF29770DF4A}.Release|Any CPU.Build.0 = Release|Any CPU
		{7E4E2D5B-0828-4983-9E40-A6DC2295631B}.Debug|Any CPU.ActiveCfg = Debug|Any CPU
		{7E4E2D5B-0828-4983-9E40-A6DC2295631B}.Debug|Any CPU.Build.0 = Debug|Any CPU
		{7E4E2D5B-0828-4983-9E40-A6DC2295631B}.Release|Any CPU.ActiveCfg = Release|Any CPU
		{7E4E2D5B-0828-4983-9E40-A6DC2295631B}.Release|Any CPU.Build.0 = Release|Any CPU
		{77BA6A62-0C14-4963-A91D-BA4E95A2A712}.Debug|Any CPU.ActiveCfg = Debug|Any CPU
		{77BA6A62-0C14-4963-A91D-BA4E95A2A712}.Debug|Any CPU.Build.0 = Debug|Any CPU
		{77BA6A62-0C14-4963-A91D-BA4E95A2A712}.Release|Any CPU.ActiveCfg = Release|Any CPU
		{77BA6A62-0C14-4963-A91D-BA4E95A2A712}.Release|Any CPU.Build.0 = Release|Any CPU
		{689EC6C8-7FEA-4BBF-98F3-E6787546319D}.Debug|Any CPU.ActiveCfg = Debug|Any CPU
		{689EC6C8-7FEA-4BBF-98F3-E6787546319D}.Debug|Any CPU.Build.0 = Debug|Any CPU
		{689EC6C8-7FEA-4BBF-98F3-E6787546319D}.Release|Any CPU.ActiveCfg = Release|Any CPU
		{689EC6C8-7FEA-4BBF-98F3-E6787546319D}.Release|Any CPU.Build.0 = Release|Any CPU
	EndGlobalSection
	GlobalSection(SolutionProperties) = preSolution
		HideSolutionNode = FALSE
	EndGlobalSection
	GlobalSection(ExtensibilityGlobals) = postSolution
		SolutionGuid = {CCF6589A-B3D3-4454-82F9-003625CD09BF}
	EndGlobalSection
EndGlobal
