
Microsoft Visual Studio Solution File, Format Version 12.00
# Visual Studio Version 16
VisualStudioVersion = 16.0.30114.105
MinimumVisualStudioVersion = 10.0.40219.1
Project("{FAE04EC0-301F-11D3-BF4B-00C04F79EFBC}") = "XUnitApp", "XUnitApp\XUnitApp.csproj", "{436A2E91-836F-4A9A-B62F-5798D9C31253}"
EndProject
Project("{FAE04EC0-301F-11D3-BF4B-00C04F79EFBC}") = "WebApiApp", "WebApiApp\WebApiApp.csproj", "{29869B3E-1254-4D2C-B657-74E84B0EC514}"
EndProject
Project("{FAE04EC0-301F-11D3-BF4B-00C04F79EFBC}") = "MvcApp", "MvcApp\MvcApp.csproj", "{FD7F433A-3E9C-4F05-B111-9F1EF145E16D}"
EndProject
Project("{FAE04EC0-301F-11D3-BF4B-00C04F79EFBC}") = "Migration", "Migration\Migration.csproj", "{362B7D9C-12AE-4236-800E-654C92478F4D}"
EndProject
Project("{FAE04EC0-301F-11D3-BF4B-00C04F79EFBC}") = "CsSummary", "CsSummary\CsSummary.csproj", "{A6110240-157D-48C3-B0A5-C0D3D08105A4}"
EndProject
Project("{FAE04EC0-301F-11D3-BF4B-00C04F79EFBC}") = "ConsoleApp", "ConsoleApp\ConsoleApp.csproj", "{06588DCE-3159-4EDE-9671-E82D756D5F85}"
EndProject
Project("{2150E333-8FDC-42A3-9474-1A3956D46DE8}") = "AwsLambdaS3", "AwsLambdaS3", "{BF8D8185-0678-41FD-A237-8F7AF82824CC}"
EndProject
Project("{2150E333-8FDC-42A3-9474-1A3956D46DE8}") = "src", "src", "{CCC5A708-76C2-4C96-8225-ACC3A1605DE0}"
EndProject
Project("{FAE04EC0-301F-11D3-BF4B-00C04F79EFBC}") = "AwsLambdaS3", "AwsLambdaS3\src\AwsLambdaS3\AwsLambdaS3.csproj", "{30743296-4977-4616-B85F-E818E9A8648B}"
EndProject
Project("{2150E333-8FDC-42A3-9474-1A3956D46DE8}") = "test", "test", "{784C148D-EF67-4DF3-9E79-29D03C407E4F}"
EndProject
Project("{FAE04EC0-301F-11D3-BF4B-00C04F79EFBC}") = "AwsLambdaS3.Tests", "AwsLambdaS3\test\AwsLambdaS3.Tests\AwsLambdaS3.Tests.csproj", "{98397AC3-0DA6-49EF-9DBD-3AAD6E57D7AF}"
EndProject
Project("{2150E333-8FDC-42A3-9474-1A3956D46DE8}") = "AwsLambdaSimple", "AwsLambdaSimple", "{2E9C86BD-DD93-4D09-B650-5084BD808825}"
EndProject
Project("{2150E333-8FDC-42A3-9474-1A3956D46DE8}") = "src", "src", "{98459FF8-EC8C-4A5D-8249-44BACEDBC19C}"
EndProject
Project("{FAE04EC0-301F-11D3-BF4B-00C04F79EFBC}") = "AwsLambdaSimple", "AwsLambdaSimple\src\AwsLambdaSimple\AwsLambdaSimple.csproj", "{7D2819E0-58C4-42F4-ABA8-50F569938202}"
EndProject
Project("{2150E333-8FDC-42A3-9474-1A3956D46DE8}") = "test", "test", "{AB9C73F2-19E7-446B-8732-BF03374AB618}"
EndProject
Project("{FAE04EC0-301F-11D3-BF4B-00C04F79EFBC}") = "AwsLambdaSimple.Tests", "AwsLambdaSimple\test\AwsLambdaSimple.Tests\AwsLambdaSimple.Tests.csproj", "{5404D4FD-F210-4264-96CD-475E5B936B1E}"
EndProject
Global
	GlobalSection(SolutionConfigurationPlatforms) = preSolution
		Debug|Any CPU = Debug|Any CPU
		Release|Any CPU = Release|Any CPU
	EndGlobalSection
	GlobalSection(SolutionProperties) = preSolution
		HideSolutionNode = FALSE
	EndGlobalSection
	GlobalSection(ProjectConfigurationPlatforms) = postSolution
		{436A2E91-836F-4A9A-B62F-5798D9C31253}.Debug|Any CPU.ActiveCfg = Debug|Any CPU
		{436A2E91-836F-4A9A-B62F-5798D9C31253}.Debug|Any CPU.Build.0 = Debug|Any CPU
		{436A2E91-836F-4A9A-B62F-5798D9C31253}.Release|Any CPU.ActiveCfg = Release|Any CPU
		{436A2E91-836F-4A9A-B62F-5798D9C31253}.Release|Any CPU.Build.0 = Release|Any CPU
		{29869B3E-1254-4D2C-B657-74E84B0EC514}.Debug|Any CPU.ActiveCfg = Debug|Any CPU
		{29869B3E-1254-4D2C-B657-74E84B0EC514}.Debug|Any CPU.Build.0 = Debug|Any CPU
		{29869B3E-1254-4D2C-B657-74E84B0EC514}.Release|Any CPU.ActiveCfg = Release|Any CPU
		{29869B3E-1254-4D2C-B657-74E84B0EC514}.Release|Any CPU.Build.0 = Release|Any CPU
		{FD7F433A-3E9C-4F05-B111-9F1EF145E16D}.Debug|Any CPU.ActiveCfg = Debug|Any CPU
		{FD7F433A-3E9C-4F05-B111-9F1EF145E16D}.Debug|Any CPU.Build.0 = Debug|Any CPU
		{FD7F433A-3E9C-4F05-B111-9F1EF145E16D}.Release|Any CPU.ActiveCfg = Release|Any CPU
		{FD7F433A-3E9C-4F05-B111-9F1EF145E16D}.Release|Any CPU.Build.0 = Release|Any CPU
		{362B7D9C-12AE-4236-800E-654C92478F4D}.Debug|Any CPU.ActiveCfg = Debug|Any CPU
		{362B7D9C-12AE-4236-800E-654C92478F4D}.Debug|Any CPU.Build.0 = Debug|Any CPU
		{362B7D9C-12AE-4236-800E-654C92478F4D}.Release|Any CPU.ActiveCfg = Release|Any CPU
		{362B7D9C-12AE-4236-800E-654C92478F4D}.Release|Any CPU.Build.0 = Release|Any CPU
		{A6110240-157D-48C3-B0A5-C0D3D08105A4}.Debug|Any CPU.ActiveCfg = Debug|Any CPU
		{A6110240-157D-48C3-B0A5-C0D3D08105A4}.Debug|Any CPU.Build.0 = Debug|Any CPU
		{A6110240-157D-48C3-B0A5-C0D3D08105A4}.Release|Any CPU.ActiveCfg = Release|Any CPU
		{A6110240-157D-48C3-B0A5-C0D3D08105A4}.Release|Any CPU.Build.0 = Release|Any CPU
		{06588DCE-3159-4EDE-9671-E82D756D5F85}.Debug|Any CPU.ActiveCfg = Debug|Any CPU
		{06588DCE-3159-4EDE-9671-E82D756D5F85}.Debug|Any CPU.Build.0 = Debug|Any CPU
		{06588DCE-3159-4EDE-9671-E82D756D5F85}.Release|Any CPU.ActiveCfg = Release|Any CPU
		{06588DCE-3159-4EDE-9671-E82D756D5F85}.Release|Any CPU.Build.0 = Release|Any CPU
		{30743296-4977-4616-B85F-E818E9A8648B}.Debug|Any CPU.ActiveCfg = Debug|Any CPU
		{30743296-4977-4616-B85F-E818E9A8648B}.Debug|Any CPU.Build.0 = Debug|Any CPU
		{30743296-4977-4616-B85F-E818E9A8648B}.Release|Any CPU.ActiveCfg = Release|Any CPU
		{30743296-4977-4616-B85F-E818E9A8648B}.Release|Any CPU.Build.0 = Release|Any CPU
		{98397AC3-0DA6-49EF-9DBD-3AAD6E57D7AF}.Debug|Any CPU.ActiveCfg = Debug|Any CPU
		{98397AC3-0DA6-49EF-9DBD-3AAD6E57D7AF}.Debug|Any CPU.Build.0 = Debug|Any CPU
		{98397AC3-0DA6-49EF-9DBD-3AAD6E57D7AF}.Release|Any CPU.ActiveCfg = Release|Any CPU
		{98397AC3-0DA6-49EF-9DBD-3AAD6E57D7AF}.Release|Any CPU.Build.0 = Release|Any CPU
		{7D2819E0-58C4-42F4-ABA8-50F569938202}.Debug|Any CPU.ActiveCfg = Debug|Any CPU
		{7D2819E0-58C4-42F4-ABA8-50F569938202}.Debug|Any CPU.Build.0 = Debug|Any CPU
		{7D2819E0-58C4-42F4-ABA8-50F569938202}.Release|Any CPU.ActiveCfg = Release|Any CPU
		{7D2819E0-58C4-42F4-ABA8-50F569938202}.Release|Any CPU.Build.0 = Release|Any CPU
		{5404D4FD-F210-4264-96CD-475E5B936B1E}.Debug|Any CPU.ActiveCfg = Debug|Any CPU
		{5404D4FD-F210-4264-96CD-475E5B936B1E}.Debug|Any CPU.Build.0 = Debug|Any CPU
		{5404D4FD-F210-4264-96CD-475E5B936B1E}.Release|Any CPU.ActiveCfg = Release|Any CPU
		{5404D4FD-F210-4264-96CD-475E5B936B1E}.Release|Any CPU.Build.0 = Release|Any CPU
	EndGlobalSection
	GlobalSection(NestedProjects) = preSolution
		{CCC5A708-76C2-4C96-8225-ACC3A1605DE0} = {BF8D8185-0678-41FD-A237-8F7AF82824CC}
		{30743296-4977-4616-B85F-E818E9A8648B} = {CCC5A708-76C2-4C96-8225-ACC3A1605DE0}
		{784C148D-EF67-4DF3-9E79-29D03C407E4F} = {BF8D8185-0678-41FD-A237-8F7AF82824CC}
		{98397AC3-0DA6-49EF-9DBD-3AAD6E57D7AF} = {784C148D-EF67-4DF3-9E79-29D03C407E4F}
		{98459FF8-EC8C-4A5D-8249-44BACEDBC19C} = {2E9C86BD-DD93-4D09-B650-5084BD808825}
		{7D2819E0-58C4-42F4-ABA8-50F569938202} = {98459FF8-EC8C-4A5D-8249-44BACEDBC19C}
		{AB9C73F2-19E7-446B-8732-BF03374AB618} = {2E9C86BD-DD93-4D09-B650-5084BD808825}
		{5404D4FD-F210-4264-96CD-475E5B936B1E} = {AB9C73F2-19E7-446B-8732-BF03374AB618}
	EndGlobalSection
EndGlobal
